
Microsoft Visual Studio Solution File, Format Version 12.00
# Visual Studio Version 17
VisualStudioVersion = 17.6.33723.286
MinimumVisualStudioVersion = 10.0.40219.1
Project("{9A19103F-16F7-4668-BE54-9A1E7A4F7556}") = "WorldRankGuesser", "WorldRankGuesser\WorldRankGuesser.csproj", "{6B56DB98-9BB0-4415-A918-8B156C200D07}"
EndProject
Global
	GlobalSection(SolutionConfigurationPlatforms) = preSolution
		Debug|Any CPU = Debug|Any CPU
		Release|Any CPU = Release|Any CPU
	EndGlobalSection
	GlobalSection(ProjectConfigurationPlatforms) = postSolution
		{6B56DB98-9BB0-4415-A918-8B156C200D07}.Debug|Any CPU.ActiveCfg = Debug|Any CPU
		{6B56DB98-9BB0-4415-A918-8B156C200D07}.Debug|Any CPU.Build.0 = Debug|Any CPU
		{6B56DB98-9BB0-4415-A918-8B156C200D07}.Release|Any CPU.ActiveCfg = Release|Any CPU
		{6B56DB98-9BB0-4415-A918-8B156C200D07}.Release|Any CPU.Build.0 = Release|Any CPU
	EndGlobalSection
	GlobalSection(SolutionProperties) = preSolution
		HideSolutionNode = FALSE
	EndGlobalSection
	GlobalSection(ExtensibilityGlobals) = postSolution
		SolutionGuid = {6BA09688-420B-45FF-8CB4-4B7AA93D9240}
	EndGlobalSection
EndGlobal
