<Solution>
  <Folder Name="/src/">
    <Project Path="src/SportsRankingService/SportsRankingService.csproj" />
    <Project Path="src/WorldRankGuesser.Api/WorldRankGuesser.Api.csproj" />
  </Folder>
  <Folder Name="/tests/">
    <Project Path="tests/SportsRankingService.Tests/SportsRankingService.Tests.csproj" />
    <Project Path="tests/WorldRankGuesser.Api.Tests/WorldRankGuesser.Api.Tests.csproj" />
  </Folder>
</Solution>
